
Microsoft Visual Studio Solution File, Format Version 12.00
# Visual Studio Version 17
VisualStudioVersion = 17.5.33530.505
MinimumVisualStudioVersion = 10.0.40219.1
Project("{FAE04EC0-301F-11D3-BF4B-00C04F79EFBC}") = "BitcoinAnalytics", "BitcoinAnalytics.csproj", "{5B93EAC5-6263-4136-AA33-DF5AA80DFE0E}"
EndProject
Global
	GlobalSection(SolutionConfigurationPlatforms) = preSolution
		Debug|Any CPU = Debug|Any CPU
		Release|Any CPU = Release|Any CPU
	EndGlobalSection
	GlobalSection(ProjectConfigurationPlatforms) = postSolution
		{5B93EAC5-6263-4136-AA33-DF5AA80DFE0E}.Debug|Any CPU.ActiveCfg = Debug|Any CPU
		{5B93EAC5-6263-4136-AA33-DF5AA80DFE0E}.Debug|Any CPU.Build.0 = Debug|Any CPU
		{5B93EAC5-6263-4136-AA33-DF5AA80DFE0E}.Release|Any CPU.ActiveCfg = Release|Any CPU
		{5B93EAC5-6263-4136-AA33-DF5AA80DFE0E}.Release|Any CPU.Build.0 = Release|Any CPU
	EndGlobalSection
	GlobalSection(SolutionProperties) = preSolution
		HideSolutionNode = FALSE
	EndGlobalSection
	GlobalSection(ExtensibilityGlobals) = postSolution
		SolutionGuid = {40B543C5-6809-4833-97AF-0E2A671C0D5F}
	EndGlobalSection
EndGlobal
